dependencies:
- name: mysql
  repository: https://charts.bitnami.com/bitnami
  version: 14.0.2
- name: postgresql
  repository: https://charts.bitnami.com/bitnami
  version: 16.7.26
- name: kafka-ui
  repository: https://ui.charts.kafbat.io/
  version: 1.6.0
- name: kafka
  repository: https://charts.bitnami.com/bitnami
  version: 29.3.4
- name: elasticsearch
  repository: https://charts.bitnami.com/bitnami
  version: 22.1.6
- name: kibana
  repository: https://charts.bitnami.com/bitnami
  version: 12.1.10
- name: logstash
  repository: https://charts.bitnami.com/bitnami
  version: 7.0.11
- name: keycloak
  repository: https://charts.bitnami.com/bitnami
  version: 25.2.0
- name: prometheus
  repository: https://prometheus-community.github.io/helm-charts
  version: 28.10.0
- name: grafana
  repository: https://grafana.github.io/helm-charts
  version: 10.5.15
- name: kong
  repository: https://charts.bitnami.com/bitnami
  version: 15.4.22
digest: sha256:bd9f20bd83615808bd05ae58fc7e3ba5d9e1e9a23034f3d4b0c1ebc6068531ab
generated: "2026-03-09T15:24:23.7358447+02:00"
