dependencies:
- name: mysql
  repository: https://charts.bitnami.com/bitnami
  version: 14.0.2
- name: kafka-ui
  repository: https://ui.charts.kafbat.io/
  version: 1.6.0
- name: kafka
  repository: https://charts.bitnami.com/bitnami
  version: 29.3.4
digest: sha256:efe02307a3a441ff9ce696bba4d08207aa2dab13364526d3444c9c7085d8c49c
generated: "2026-02-02T14:35:12.1089519+02:00"
