dependencies:
- name: mysql
  repository: https://charts.bitnami.com/bitnami
  version: 14.0.2
- name: postgresql
  repository: https://charts.bitnami.com/bitnami
  version: 16.7.26
- name: kafka-ui
  repository: https://ui.charts.kafbat.io/
  version: 1.6.0
- name: kafka
  repository: https://charts.bitnami.com/bitnami
  version: 29.3.4
- name: elasticsearch
  repository: https://charts.bitnami.com/bitnami
  version: 22.1.6
- name: kibana
  repository: https://charts.bitnami.com/bitnami
  version: 12.1.10
- name: logstash
  repository: https://charts.bitnami.com/bitnami
  version: 7.0.11
- name: keycloak
  repository: https://charts.bitnami.com/bitnami
  version: 25.2.0
- name: prometheus
  repository: https://prometheus-community.github.io/helm-charts
  version: 28.9.1
- name: grafana
  repository: https://grafana-community.github.io/helm-charts/
  version: 11.2.0
digest: sha256:100873a74b443fa1f995db019420c53ee4eb99510b1eef584ed881a2259ea0d2
generated: "2026-02-25T17:58:24.3297821+02:00"
